
Microsoft Visual Studio Solution File, Format Version 12.00
# Visual Studio Version 16
VisualStudioVersion = 16.0.30503.244
MinimumVisualStudioVersion = 10.0.40219.1
Project("{9A19103F-16F7-4668-BE54-9A1E7A4F7556}") = "BricksGame.Logic.Test", "BricksGame.Logic.Test\BricksGame.Logic.Test.csproj", "{8A323475-48F9-41E9-956D-955A475D78FC}"
EndProject
Project("{9A19103F-16F7-4668-BE54-9A1E7A4F7556}") = "BricksGame.Logic", "BricksGame.Logic\BricksGame.Logic.csproj", "{91F91194-99CC-494C-B33E-5533851AD474}"
EndProject
Global
	GlobalSection(SolutionConfigurationPlatforms) = preSolution
		Debug|Any CPU = Debug|Any CPU
		Release|Any CPU = Release|Any CPU
	EndGlobalSection
	GlobalSection(ProjectConfigurationPlatforms) = postSolution
		{8A323475-48F9-41E9-956D-955A475D78FC}.Debug|Any CPU.ActiveCfg = Debug|Any CPU
		{8A323475-48F9-41E9-956D-955A475D78FC}.Debug|Any CPU.Build.0 = Debug|Any CPU
		{8A323475-48F9-41E9-956D-955A475D78FC}.Release|Any CPU.ActiveCfg = Release|Any CPU
		{8A323475-48F9-41E9-956D-955A475D78FC}.Release|Any CPU.Build.0 = Release|Any CPU
		{91F91194-99CC-494C-B33E-5533851AD474}.Debug|Any CPU.ActiveCfg = Debug|Any CPU
		{91F91194-99CC-494C-B33E-5533851AD474}.Debug|Any CPU.Build.0 = Debug|Any CPU
		{91F91194-99CC-494C-B33E-5533851AD474}.Release|Any CPU.ActiveCfg = Release|Any CPU
		{91F91194-99CC-494C-B33E-5533851AD474}.Release|Any CPU.Build.0 = Release|Any CPU
	EndGlobalSection
	GlobalSection(SolutionProperties) = preSolution
		HideSolutionNode = FALSE
	EndGlobalSection
	GlobalSection(ExtensibilityGlobals) = postSolution
		SolutionGuid = {B9866D6B-FD96-4C6A-B6F1-600F040A8B35}
	EndGlobalSection
EndGlobal
